{
  "object": {
    "pins": [
      {
        "package": "Animo",
        "repositoryURL": "https://github.com/SakoHovaguimian/Animo.git",
        "state": {
          "branch": null,
          "revision": "6bd2218e8c934c0b447a624fc42bdadec8a87936",
          "version": "1.0.48"
        }
      }
    ]
  },
  "version": 1
}
