{
  "object": {
    "pins": [
      {
        "package": "Animo",
        "repositoryURL": "https://github.com/SakoHovaguimian/Animo.git",
        "state": {
          "branch": null,
          "revision": "284499f60b40d8c13207d132707dd53df5c4c9d1",
          "version": "1.0.49"
        }
      }
    ]
  },
  "version": 1
}
